
Microsoft Visual Studio Solution File, Format Version 12.00
# Visual Studio Version 17
VisualStudioVersion = 17.0.32112.339
MinimumVisualStudioVersion = 10.0.40219.1
Project("{FAE04EC0-301F-11D3-BF4B-00C04F79EFBC}") = "Lab4", "Lab4\Lab4.csproj", "{398931AA-1409-418A-AE0F-13ABDFA8BCDB}"
EndProject
Global
	GlobalSection(SolutionConfigurationPlatforms) = preSolution
		Debug|Any CPU = Debug|Any CPU
		Release|Any CPU = Release|Any CPU
	EndGlobalSection
	GlobalSection(ProjectConfigurationPlatforms) = postSolution
		{398931AA-1409-418A-AE0F-13ABDFA8BCDB}.Debug|Any CPU.ActiveCfg = Debug|Any CPU
		{398931AA-1409-418A-AE0F-13ABDFA8BCDB}.Debug|Any CPU.Build.0 = Debug|Any CPU
		{398931AA-1409-418A-AE0F-13ABDFA8BCDB}.Release|Any CPU.ActiveCfg = Release|Any CPU
		{398931AA-1409-418A-AE0F-13ABDFA8BCDB}.Release|Any CPU.Build.0 = Release|Any CPU
	EndGlobalSection
	GlobalSection(SolutionProperties) = preSolution
		HideSolutionNode = FALSE
	EndGlobalSection
	GlobalSection(ExtensibilityGlobals) = postSolution
		SolutionGuid = {145D0D7B-9FF4-46CC-AE09-03E5E06A852B}
	EndGlobalSection
EndGlobal
